# THIS IS AN AUTOGENERATED FILE. DO NOT EDIT THIS FILE DIRECTLY.
# yarn lockfile v1


child-process-promise@^1.1.0:
  version "1.1.0"
  resolved "https://registry.yarnpkg.com/child-process-promise/-/child-process-promise-1.1.0.tgz#131e01a705f15ed4a05d554dd5e032e52612cf30"
  dependencies:
    q "^1.1.2"

coffee-script@^1.10.0:
  version "1.12.4"
  resolved "https://registry.yarnpkg.com/coffee-script/-/coffee-script-1.12.4.tgz#fe1bced97fe1fb3927b998f2b45616e0658be1ff"

lodash@^3.10.0:
  version "3.10.1"
  resolved "https://registry.yarnpkg.com/lodash/-/lodash-3.10.1.tgz#5bf45e8e49ba4189e17d482789dfd15bd140b7b6"

mamp-cli@^0.0.8:
  version "0.0.8"
  resolved "https://registry.yarnpkg.com/mamp-cli/-/mamp-cli-0.0.8.tgz#d8c54098b64dafa27628f4544b3de6d3b65eb8d8"
  dependencies:
    child-process-promise "^1.1.0"
    coffee-script "^1.10.0"
    lodash "^3.10.0"
    minimist "^1.1.2"

minimist@^1.1.2:
  version "1.2.0"
  resolved "https://registry.yarnpkg.com/minimist/-/minimist-1.2.0.tgz#a35008b20f41383eec1fb914f4cd5df79a264284"

q@^1.1.2:
  version "1.4.1"
  resolved "https://registry.yarnpkg.com/q/-/q-1.4.1.tgz#55705bcd93c5f3673530c2c2cbc0c2b3addc286e"
